
Microsoft Visual Studio Solution File, Format Version 12.00
# Visual Studio Version 16
VisualStudioVersion = 16.0.30225.117
MinimumVisualStudioVersion = 10.0.40219.1
Project("{FAE04EC0-301F-11D3-BF4B-00C04F79EFBC}") = "ShoppingStore", "ShoppingStore\ShoppingStore.csproj", "{34AA6D43-06CB-4790-BF15-E4DC6F4A435F}"
EndProject
Global
	GlobalSection(SolutionConfigurationPlatforms) = preSolution
		Debug|Any CPU = Debug|Any CPU
		Release|Any CPU = Release|Any CPU
	EndGlobalSection
	GlobalSection(ProjectConfigurationPlatforms) = postSolution
		{34AA6D43-06CB-4790-BF15-E4DC6F4A435F}.Debug|Any CPU.ActiveCfg = Debug|Any CPU
		{34AA6D43-06CB-4790-BF15-E4DC6F4A435F}.Debug|Any CPU.Build.0 = Debug|Any CPU
		{34AA6D43-06CB-4790-BF15-E4DC6F4A435F}.Release|Any CPU.ActiveCfg = Release|Any CPU
		{34AA6D43-06CB-4790-BF15-E4DC6F4A435F}.Release|Any CPU.Build.0 = Release|Any CPU
	EndGlobalSection
	GlobalSection(SolutionProperties) = preSolution
		HideSolutionNode = FALSE
	EndGlobalSection
	GlobalSection(ExtensibilityGlobals) = postSolution
		SolutionGuid = {3B4CC7AC-940E-4FC3-8200-CC0AD4E39B2B}
	EndGlobalSection
EndGlobal
